{
  "name": "SE",
  "lockfileVersion": 3,
  "requires": true,
  "packages": {
    "": {
      "dependencies": {
        "@vant/weapp": "^1.11.7",
        "cnchar": "^3.2.6",
        "cnchar-draw": "^3.2.6",
        "cnchar-voice": "^3.2.6",
        "hanzi-writer": "^3.7.2",
        "hanzi-writer-miniprogram": "^1.2.0-beta.1"
      },
      "devDependencies": {
        "miniprogram-api-typings": "^4.0.2"
      }
    },
    "node_modules/@vant/weapp": {
      "version": "1.11.7",
      "resolved": "https://registry.npmmirror.com/@vant/weapp/-/weapp-1.11.7.tgz",
      "integrity": "sha512-Rwn9BBnb4kHSV4XmvBicwtd42J+amEUfnFDcXJsGNPNX4a9c/DoT6YLsm4X1wB2+sQbdiQsbFBLAvGRBxCkD8g==",
      "license": "MIT"
    },
    "node_modules/cnchar": {
      "version": "3.2.6",
      "resolved": "https://registry.npmmirror.com/cnchar/-/cnchar-3.2.6.tgz",
      "integrity": "sha512-7Up5ALAkoOTAHlRMN0B7VgrrRsp6+trgFV0M7xSsZ0TwnnBfW68gXClcE9Oz8sTOEu+zqGOZjBhlHNzPIBckDA==",
      "license": "MIT",
      "dependencies": {
        "cnchar-types": "^3.2.6"
      }
    },
    "node_modules/cnchar-draw": {
      "version": "3.2.6",
      "resolved": "https://registry.npmmirror.com/cnchar-draw/-/cnchar-draw-3.2.6.tgz",
      "integrity": "sha512-Rlfl8XkCZIDLZ/acOTdgpQCy7H+yhEFHXZVqCJ2V8080S9ROgVHUGSXaBa7x7lvKuxwArlR70kkMEEF1Md1SPw==",
      "license": "MIT",
      "dependencies": {
        "cnchar-types": "^3.2.6"
      }
    },
    "node_modules/cnchar-types": {
      "version": "3.2.6",
      "resolved": "https://registry.npmmirror.com/cnchar-types/-/cnchar-types-3.2.6.tgz",
      "integrity": "sha512-LGU2ss7KcsI1Psme73+jffUX0ZDuChr6P9Rj2j8lynJHStklNpoC/+kheKSSUcXQ1u2KNvZt1Shs/5efcihHkg==",
      "license": "MIT"
    },
    "node_modules/cnchar-voice": {
      "version": "3.2.6",
      "resolved": "https://registry.npmmirror.com/cnchar-voice/-/cnchar-voice-3.2.6.tgz",
      "integrity": "sha512-fS/NUsjsA3cGff6jrs4LajyeE/JP+6adnWrE/LNQDZwDy4JCmP8YdZUs/l8jbT7q31gHI7OOQfVSkHyU7dZfIw==",
      "license": "MIT",
      "dependencies": {
        "cnchar-types": "^3.2.6"
      }
    },
    "node_modules/hanzi-writer": {
      "version": "3.7.2",
      "resolved": "https://registry.npmmirror.com/hanzi-writer/-/hanzi-writer-3.7.2.tgz",
      "integrity": "sha512-9v8V45rY4leG62qmq+c9MzjT4mPrVbFATv5tWWw3NucaxOO4bM/CiJ8qfPt/NOQuvWYhOhuHu6TzfjZ0ibY6jg==",
      "license": "MIT"
    },
    "node_modules/hanzi-writer-miniprogram": {
      "version": "1.2.0-beta.1",
      "resolved": "https://registry.npmmirror.com/hanzi-writer-miniprogram/-/hanzi-writer-miniprogram-1.2.0-beta.1.tgz",
      "integrity": "sha512-pXrel/pJqRUGoGSUU5poNlFDArhz6QuEoTPjwvSkR5BmV+1bnz0GOfMYXrcRQGPMMgUl1muUeAqAssG75h5DoQ==",
      "license": "MIT",
      "dependencies": {
        "hanzi-writer": "^2.0.4"
      }
    },
    "node_modules/hanzi-writer-miniprogram/node_modules/hanzi-writer": {
      "version": "2.3.0",
      "resolved": "https://registry.npmmirror.com/hanzi-writer/-/hanzi-writer-2.3.0.tgz",
      "integrity": "sha512-2tKjsUrTW1lBxwpSVhGZ+lTlAycZPeJuov0og9Qbw0ETAS6y7+KxxjHhAtPDNAuLKS3FJeh80s9jxLA/e8jF0w=="
    },
    "node_modules/miniprogram-api-typings": {
      "version": "4.0.2",
      "resolved": "https://registry.npmmirror.com/miniprogram-api-typings/-/miniprogram-api-typings-4.0.2.tgz",
      "integrity": "sha512-hDrWCaJamsMB6Sg+0oMzGgSOse8EzumfN+VQFBKtJe2LbeKibGruB/ptNd4viXdcdgfahQ+Ji5Z9v9meoG9iuw==",
      "dev": true,
      "license": "MIT"
    }
  }
}
